// !$*UTF8*$!
{
	archiveVersion = 1;
	classes = {
	};
	objectVersion = 51;
	objects = {

/* Begin PBXBuildFile section */
		4642DB9426CCBD64007115B2 /* DateUtils.swift in Sources */ = {isa = PBXBuildFile; fileRef = 4642DB9326CCBD64007115B2 /* DateUtils.swift */; };
		4642DB9826CCC4C0007115B2 /* NewsFeedNormalTableCell.swift in Sources */ = {isa = PBXBuildFile; fileRef = 4642DB9626CCC4C0007115B2 /* NewsFeedNormalTableCell.swift */; };
		4642DB9926CCC4C0007115B2 /* NewsFeedNormalTableCell.xib in Resources */ = {isa = PBXBuildFile; fileRef = 4642DB9726CCC4C0007115B2 /* NewsFeedNormalTableCell.xib */; };
		468A1B4E26CB58B500C4410D /* AppDelegate.swift in Sources */ = {isa = PBXBuildFile; fileRef = 468A1B4D26CB58B500C4410D /* AppDelegate.swift */; };
		468A1B5026CB58B500C4410D /* SceneDelegate.swift in Sources */ = {isa = PBXBuildFile; fileRef = 468A1B4F26CB58B500C4410D /* SceneDelegate.swift */; };
		468A1B5226CB58B500C4410D /* NewsListVC.swift in Sources */ = {isa = PBXBuildFile; fileRef = 468A1B5126CB58B500C4410D /* NewsListVC.swift */; };
		468A1B5526CB58B500C4410D /* Main.storyboard in Resources */ = {isa = PBXBuildFile; fileRef = 468A1B5326CB58B500C4410D /* Main.storyboard */; };
		468A1B5726CB58B600C4410D /* Assets.xcassets in Resources */ = {isa = PBXBuildFile; fileRef = 468A1B5626CB58B600C4410D /* Assets.xcassets */; };
		468A1B5A26CB58B600C4410D /* LaunchScreen.storyboard in Resources */ = {isa = PBXBuildFile; fileRef = 468A1B5826CB58B600C4410D /* LaunchScreen.storyboard */; };
		468A1B6526CB5D3E00C4410D /* HttpUtility.swift in Sources */ = {isa = PBXBuildFile; fileRef = 468A1B6426CB5D3E00C4410D /* HttpUtility.swift */; };
		468A1B6926CB5DDA00C4410D /* NetworkError.swift in Sources */ = {isa = PBXBuildFile; fileRef = 468A1B6826CB5DDA00C4410D /* NetworkError.swift */; };
		468A1B6C26CB5F7500C4410D /* NetworkRequest.swift in Sources */ = {isa = PBXBuildFile; fileRef = 468A1B6B26CB5F7500C4410D /* NetworkRequest.swift */; };
		468A1B6F26CB5FB100C4410D /* HttpMethods.swift in Sources */ = {isa = PBXBuildFile; fileRef = 468A1B6E26CB5FB100C4410D /* HttpMethods.swift */; };
		468A1B8026CB651900C4410D /* NewsResponse.swift in Sources */ = {isa = PBXBuildFile; fileRef = 468A1B7F26CB651900C4410D /* NewsResponse.swift */; };
		468A1B8926CB698300C4410D /* NewsFeed.swift in Sources */ = {isa = PBXBuildFile; fileRef = 468A1B8826CB698300C4410D /* NewsFeed.swift */; };
		468A1B8E26CB6AD400C4410D /* WSConstants.swift in Sources */ = {isa = PBXBuildFile; fileRef = 468A1B8D26CB6AD400C4410D /* WSConstants.swift */; };
		468A1B9426CB6F9600C4410D /* HttpStatusCode.swift in Sources */ = {isa = PBXBuildFile; fileRef = 468A1B9326CB6F9600C4410D /* HttpStatusCode.swift */; };
		468A1B9726CB74F200C4410D /* Messages.swift in Sources */ = {isa = PBXBuildFile; fileRef = 468A1B9626CB74F200C4410D /* Messages.swift */; };
		468A1B9C26CB77D600C4410D /* HRToast+UIView.swift in Sources */ = {isa = PBXBuildFile; fileRef = 468A1B9B26CB77D600C4410D /* HRToast+UIView.swift */; };
		468A1B9F26CB77EE00C4410D /* AppUtils.swift in Sources */ = {isa = PBXBuildFile; fileRef = 468A1B9E26CB77EE00C4410D /* AppUtils.swift */; };
		468A1BA426CB81FB00C4410D /* NewsFeedViewModel.xib in Resources */ = {isa = PBXBuildFile; fileRef = 468A1BA326CB81FB00C4410D /* NewsFeedViewModel.xib */; };
		468A1BA726CB825200C4410D /* NewsFeedViewModel.swift in Sources */ = {isa = PBXBuildFile; fileRef = 468A1BA626CB825200C4410D /* NewsFeedViewModel.swift */; };
		468A1BAC26CB8F7A00C4410D /* NewsFeedTableCell.swift in Sources */ = {isa = PBXBuildFile; fileRef = 468A1BAA26CB8F7A00C4410D /* NewsFeedTableCell.swift */; };
		468A1BAD26CB8F7A00C4410D /* NewsFeedTableCell.xib in Resources */ = {isa = PBXBuildFile; fileRef = 468A1BAB26CB8F7A00C4410D /* NewsFeedTableCell.xib */; };
		468A1BB126CB926D00C4410D /* UIViewExtension.swift in Sources */ = {isa = PBXBuildFile; fileRef = 468A1BB026CB926D00C4410D /* UIViewExtension.swift */; };
		468A1BB426CB97A400C4410D /* AppConstants.swift in Sources */ = {isa = PBXBuildFile; fileRef = 468A1BB326CB97A400C4410D /* AppConstants.swift */; };
		46F3B6F226CBC62C003109CC /* StringExtension.swift in Sources */ = {isa = PBXBuildFile; fileRef = 46F3B6F126CBC62C003109CC /* StringExtension.swift */; };
		E8F9A172632D5A40CC47BC16 /* Pods_Assignment.framework in Frameworks */ = {isa = PBXBuildFile; fileRef = D27CDDFCE57A5CC52FB9EE38 /* Pods_Assignment.framework */; };
/* End PBXBuildFile section */

/* Begin PBXFileReference section */
		08E982D8767125211430B65B /* Pods-assignment.release.xcconfig */ = {isa = PBXFileReference; includeInIndex = 1; lastKnownFileType = text.xcconfig; name = "Pods-assignment.release.xcconfig"; path = "Target Support Files/Pods-assignment/Pods-assignment.release.xcconfig"; sourceTree = "<group>"; };
		1B23F82ED0291F5922680F53 /* Pods-Assignment.debug.xcconfig */ = {isa = PBXFileReference; includeInIndex = 1; lastKnownFileType = text.xcconfig; name = "Pods-Assignment.debug.xcconfig"; path = "Target Support Files/Pods-Assignment/Pods-Assignment.debug.xcconfig"; sourceTree = "<group>"; };
		2924BC5D4595A9B2A77FF382 /* Pods-assignment.debug.xcconfig */ = {isa = PBXFileReference; includeInIndex = 1; lastKnownFileType = text.xcconfig; name = "Pods-assignment.debug.xcconfig"; path = "Target Support Files/Pods-assignment/Pods-assignment.debug.xcconfig"; sourceTree = "<group>"; };
		43B6881AB5D6DA3A1C4E3911 /* Pods-Assignment.release.xcconfig */ = {isa = PBXFileReference; includeInIndex = 1; lastKnownFileType = text.xcconfig; name = "Pods-Assignment.release.xcconfig"; path = "Target Support Files/Pods-Assignment/Pods-Assignment.release.xcconfig"; sourceTree = "<group>"; };
		4642DB9326CCBD64007115B2 /* DateUtils.swift */ = {isa = PBXFileReference; lastKnownFileType = sourcecode.swift; path = DateUtils.swift; sourceTree = "<group>"; };
		4642DB9626CCC4C0007115B2 /* NewsFeedNormalTableCell.swift */ = {isa = PBXFileReference; lastKnownFileType = sourcecode.swift; path = NewsFeedNormalTableCell.swift; sourceTree = "<group>"; };
		4642DB9726CCC4C0007115B2 /* NewsFeedNormalTableCell.xib */ = {isa = PBXFileReference; lastKnownFileType = file.xib; path = NewsFeedNormalTableCell.xib; sourceTree = "<group>"; };
		468A1B4A26CB58B500C4410D /* Assignment.app */ = {isa = PBXFileReference; explicitFileType = wrapper.application; includeInIndex = 0; path = Assignment.app; sourceTree = BUILT_PRODUCTS_DIR; };
		468A1B4D26CB58B500C4410D /* AppDelegate.swift */ = {isa = PBXFileReference; lastKnownFileType = sourcecode.swift; path = AppDelegate.swift; sourceTree = "<group>"; };
		468A1B4F26CB58B500C4410D /* SceneDelegate.swift */ = {isa = PBXFileReference; lastKnownFileType = sourcecode.swift; path = SceneDelegate.swift; sourceTree = "<group>"; };
		468A1B5126CB58B500C4410D /* NewsListVC.swift */ = {isa = PBXFileReference; lastKnownFileType = sourcecode.swift; path = NewsListVC.swift; sourceTree = "<group>"; };
		468A1B5426CB58B500C4410D /* Base */ = {isa = PBXFileReference; lastKnownFileType = file.storyboard; name = Base; path = Base.lproj/Main.storyboard; sourceTree = "<group>"; };
		468A1B5626CB58B600C4410D /* Assets.xcassets */ = {isa = PBXFileReference; lastKnownFileType = folder.assetcatalog; path = Assets.xcassets; sourceTree = "<group>"; };
		468A1B5926CB58B600C4410D /* Base */ = {isa = PBXFileReference; lastKnownFileType = file.storyboard; name = Base; path = Base.lproj/LaunchScreen.storyboard; sourceTree = "<group>"; };
		468A1B5B26CB58B600C4410D /* Info.plist */ = {isa = PBXFileReference; lastKnownFileType = text.plist.xml; path = Info.plist; sourceTree = "<group>"; };
		468A1B6426CB5D3E00C4410D /* HttpUtility.swift */ = {isa = PBXFileReference; lastKnownFileType = sourcecode.swift; path = HttpUtility.swift; sourceTree = "<group>"; };
		468A1B6826CB5DDA00C4410D /* NetworkError.swift */ = {isa = PBXFileReference; lastKnownFileType = sourcecode.swift; path = NetworkError.swift; sourceTree = "<group>"; };
		468A1B6B26CB5F7500C4410D /* NetworkRequest.swift */ = {isa = PBXFileReference; lastKnownFileType = sourcecode.swift; path = NetworkRequest.swift; sourceTree = "<group>"; };
		468A1B6E26CB5FB100C4410D /* HttpMethods.swift */ = {isa = PBXFileReference; lastKnownFileType = sourcecode.swift; path = HttpMethods.swift; sourceTree = "<group>"; };
		468A1B7F26CB651900C4410D /* NewsResponse.swift */ = {isa = PBXFileReference; lastKnownFileType = sourcecode.swift; path = NewsResponse.swift; sourceTree = "<group>"; };
		468A1B8826CB698300C4410D /* NewsFeed.swift */ = {isa = PBXFileReference; lastKnownFileType = sourcecode.swift; path = NewsFeed.swift; sourceTree = "<group>"; };
		468A1B8D26CB6AD400C4410D /* WSConstants.swift */ = {isa = PBXFileReference; lastKnownFileType = sourcecode.swift; path = WSConstants.swift; sourceTree = "<group>"; };
		468A1B9326CB6F9600C4410D /* HttpStatusCode.swift */ = {isa = PBXFileReference; lastKnownFileType = sourcecode.swift; path = HttpStatusCode.swift; sourceTree = "<group>"; };
		468A1B9626CB74F200C4410D /* Messages.swift */ = {isa = PBXFileReference; lastKnownFileType = sourcecode.swift; path = Messages.swift; sourceTree = "<group>"; };
		468A1B9B26CB77D600C4410D /* HRToast+UIView.swift */ = {isa = PBXFileReference; fileEncoding = 4; lastKnownFileType = sourcecode.swift; path = "HRToast+UIView.swift"; sourceTree = "<group>"; };
		468A1B9E26CB77EE00C4410D /* AppUtils.swift */ = {isa = PBXFileReference; lastKnownFileType = sourcecode.swift; path = AppUtils.swift; sourceTree = "<group>"; };
		468A1BA326CB81FB00C4410D /* NewsFeedViewModel.xib */ = {isa = PBXFileReference; lastKnownFileType = file.xib; path = NewsFeedViewModel.xib; sourceTree = "<group>"; };
		468A1BA626CB825200C4410D /* NewsFeedViewModel.swift */ = {isa = PBXFileReference; lastKnownFileType = sourcecode.swift; path = NewsFeedViewModel.swift; sourceTree = "<group>"; };
		468A1BAA26CB8F7A00C4410D /* NewsFeedTableCell.swift */ = {isa = PBXFileReference; lastKnownFileType = sourcecode.swift; path = NewsFeedTableCell.swift; sourceTree = "<group>"; };
		468A1BAB26CB8F7A00C4410D /* NewsFeedTableCell.xib */ = {isa = PBXFileReference; lastKnownFileType = file.xib; path = NewsFeedTableCell.xib; sourceTree = "<group>"; };
		468A1BB026CB926D00C4410D /* UIViewExtension.swift */ = {isa = PBXFileReference; lastKnownFileType = sourcecode.swift; path = UIViewExtension.swift; sourceTree = "<group>"; };
		468A1BB326CB97A400C4410D /* AppConstants.swift */ = {isa = PBXFileReference; lastKnownFileType = sourcecode.swift; path = AppConstants.swift; sourceTree = "<group>"; };
		46F3B6F126CBC62C003109CC /* StringExtension.swift */ = {isa = PBXFileReference; lastKnownFileType = sourcecode.swift; path = StringExtension.swift; sourceTree = "<group>"; };
		D27CDDFCE57A5CC52FB9EE38 /* Pods_Assignment.framework */ = {isa = PBXFileReference; explicitFileType = wrapper.framework; includeInIndex = 0; path = Pods_Assignment.framework; sourceTree = BUILT_PRODUCTS_DIR; };
/* End PBXFileReference section */

/* Begin PBXFrameworksBuildPhase section */
		468A1B4726CB58B500C4410D /* Frameworks */ = {
			isa = PBXFrameworksBuildPhase;
			buildActionMask = 2147483647;
			files = (
				E8F9A172632D5A40CC47BC16 /* Pods_Assignment.framework in Frameworks */,
			);
			runOnlyForDeploymentPostprocessing = 0;
		};
/* End PBXFrameworksBuildPhase section */

/* Begin PBXGroup section */
		468A1B4126CB58B500C4410D = {
			isa = PBXGroup;
			children = (
				468A1B4C26CB58B500C4410D /* Assignment */,
				C8DB1276C806BCB628AC6279 /* Frameworks */,
				C71A7A2C49D050B560429558 /* Pods */,
				468A1B4B26CB58B500C4410D /* Products */,
			);
			sourceTree = "<group>";
		};
		468A1B4B26CB58B500C4410D /* Products */ = {
			isa = PBXGroup;
			children = (
				468A1B4A26CB58B500C4410D /* Assignment.app */,
			);
			name = Products;
			sourceTree = "<group>";
		};
		468A1B4C26CB58B500C4410D /* Assignment */ = {
			isa = PBXGroup;
			children = (
				468A1B6226CB5D1E00C4410D /* AppCore */,
				468A1B7826CB62CA00C4410D /* UIScreens */,
			);
			path = Assignment;
			sourceTree = "<group>";
		};
		468A1B6226CB5D1E00C4410D /* AppCore */ = {
			isa = PBXGroup;
			children = (
				468A1B7D26CB62F600C4410D /* Assets */,
				468A1B8C26CB6AC600C4410D /* Constants */,
				468A1B8726CB697300C4410D /* DataMapper */,
				468A1B7C26CB62D300C4410D /* Models */,
				468A1B7726CB623F00C4410D /* SupportingFiles */,
				468A1B9A26CB77D600C4410D /* ThirdPartyControls */,
				468A1B6326CB5D1E00C4410D /* Utils */,
			);
			path = AppCore;
			sourceTree = "<group>";
		};
		468A1B6326CB5D1E00C4410D /* Utils */ = {
			isa = PBXGroup;
			children = (
				468A1BAF26CB925600C4410D /* Extensions */,
				468A1B9226CB6F7700C4410D /* HttpHelper */,
				468A1B9E26CB77EE00C4410D /* AppUtils.swift */,
				4642DB9326CCBD64007115B2 /* DateUtils.swift */,
			);
			path = Utils;
			sourceTree = "<group>";
		};
		468A1B7726CB623F00C4410D /* SupportingFiles */ = {
			isa = PBXGroup;
			children = (
				468A1B5B26CB58B600C4410D /* Info.plist */,
				468A1B4F26CB58B500C4410D /* SceneDelegate.swift */,
				468A1B4D26CB58B500C4410D /* AppDelegate.swift */,
			);
			path = SupportingFiles;
			sourceTree = "<group>";
		};
		468A1B7826CB62CA00C4410D /* UIScreens */ = {
			isa = PBXGroup;
			children = (
				468A1BA926CB8E5D00C4410D /* Cells */,
				468A1B7926CB62CA00C4410D /* Storyboards */,
				468A1B7B26CB62CA00C4410D /* ViewCotrollers */,
				468A1B7A26CB62CA00C4410D /* ViewModels */,
			);
			path = UIScreens;
			sourceTree = "<group>";
		};
		468A1B7926CB62CA00C4410D /* Storyboards */ = {
			isa = PBXGroup;
			children = (
				468A1B5826CB58B600C4410D /* LaunchScreen.storyboard */,
				468A1B5326CB58B500C4410D /* Main.storyboard */,
			);
			path = Storyboards;
			sourceTree = "<group>";
		};
		468A1B7A26CB62CA00C4410D /* ViewModels */ = {
			isa = PBXGroup;
			children = (
				468A1BA326CB81FB00C4410D /* NewsFeedViewModel.xib */,
				468A1BA626CB825200C4410D /* NewsFeedViewModel.swift */,
			);
			path = ViewModels;
			sourceTree = "<group>";
		};
		468A1B7B26CB62CA00C4410D /* ViewCotrollers */ = {
			isa = PBXGroup;
			children = (
				468A1B5126CB58B500C4410D /* NewsListVC.swift */,
			);
			path = ViewCotrollers;
			sourceTree = "<group>";
		};
		468A1B7C26CB62D300C4410D /* Models */ = {
			isa = PBXGroup;
			children = (
				468A1B7F26CB651900C4410D /* NewsResponse.swift */,
			);
			path = Models;
			sourceTree = "<group>";
		};
		468A1B7D26CB62F600C4410D /* Assets */ = {
			isa = PBXGroup;
			children = (
				468A1B5626CB58B600C4410D /* Assets.xcassets */,
			);
			path = Assets;
			sourceTree = "<group>";
		};
		468A1B8726CB697300C4410D /* DataMapper */ = {
			isa = PBXGroup;
			children = (
				468A1B8826CB698300C4410D /* NewsFeed.swift */,
			);
			path = DataMapper;
			sourceTree = "<group>";
		};
		468A1B8C26CB6AC600C4410D /* Constants */ = {
			isa = PBXGroup;
			children = (
				468A1B8D26CB6AD400C4410D /* WSConstants.swift */,
				468A1B9626CB74F200C4410D /* Messages.swift */,
				468A1BB326CB97A400C4410D /* AppConstants.swift */,
			);
			path = Constants;
			sourceTree = "<group>";
		};
		468A1B9226CB6F7700C4410D /* HttpHelper */ = {
			isa = PBXGroup;
			children = (
				468A1B6426CB5D3E00C4410D /* HttpUtility.swift */,
				468A1B6826CB5DDA00C4410D /* NetworkError.swift */,
				468A1B6B26CB5F7500C4410D /* NetworkRequest.swift */,
				468A1B6E26CB5FB100C4410D /* HttpMethods.swift */,
				468A1B9326CB6F9600C4410D /* HttpStatusCode.swift */,
			);
			path = HttpHelper;
			sourceTree = "<group>";
		};
		468A1B9A26CB77D600C4410D /* ThirdPartyControls */ = {
			isa = PBXGroup;
			children = (
				468A1B9B26CB77D600C4410D /* HRToast+UIView.swift */,
			);
			path = ThirdPartyControls;
			sourceTree = "<group>";
		};
		468A1BA926CB8E5D00C4410D /* Cells */ = {
			isa = PBXGroup;
			children = (
				468A1BAA26CB8F7A00C4410D /* NewsFeedTableCell.swift */,
				468A1BAB26CB8F7A00C4410D /* NewsFeedTableCell.xib */,
				4642DB9626CCC4C0007115B2 /* NewsFeedNormalTableCell.swift */,
				4642DB9726CCC4C0007115B2 /* NewsFeedNormalTableCell.xib */,
			);
			path = Cells;
			sourceTree = "<group>";
		};
		468A1BAF26CB925600C4410D /* Extensions */ = {
			isa = PBXGroup;
			children = (
				468A1BB026CB926D00C4410D /* UIViewExtension.swift */,
				46F3B6F126CBC62C003109CC /* StringExtension.swift */,
			);
			path = Extensions;
			sourceTree = "<group>";
		};
		C71A7A2C49D050B560429558 /* Pods */ = {
			isa = PBXGroup;
			children = (
				2924BC5D4595A9B2A77FF382 /* Pods-assignment.debug.xcconfig */,
				08E982D8767125211430B65B /* Pods-assignment.release.xcconfig */,
				1B23F82ED0291F5922680F53 /* Pods-Assignment.debug.xcconfig */,
				43B6881AB5D6DA3A1C4E3911 /* Pods-Assignment.release.xcconfig */,
			);
			path = Pods;
			sourceTree = "<group>";
		};
		C8DB1276C806BCB628AC6279 /* Frameworks */ = {
			isa = PBXGroup;
			children = (
				D27CDDFCE57A5CC52FB9EE38 /* Pods_Assignment.framework */,
			);
			name = Frameworks;
			sourceTree = "<group>";
		};
/* End PBXGroup section */

/* Begin PBXNativeTarget section */
		468A1B4926CB58B500C4410D /* Assignment */ = {
			isa = PBXNativeTarget;
			buildConfigurationList = 468A1B5E26CB58B600C4410D /* Build configuration list for PBXNativeTarget "Assignment" */;
			buildPhases = (
				887D9667F5E6B90A02F7684A /* [CP] Check Pods Manifest.lock */,
				468A1B4626CB58B500C4410D /* Sources */,
				468A1B4726CB58B500C4410D /* Frameworks */,
				468A1B4826CB58B500C4410D /* Resources */,
				CBC3BC080CCB7AA49AA2B597 /* [CP] Embed Pods Frameworks */,
			);
			buildRules = (
			);
			dependencies = (
			);
			name = Assignment;
			productName = assignment;
			productReference = 468A1B4A26CB58B500C4410D /* Assignment.app */;
			productType = "com.apple.product-type.application";
		};
/* End PBXNativeTarget section */

/* Begin PBXProject section */
		468A1B4226CB58B500C4410D /* Project object */ = {
			isa = PBXProject;
			attributes = {
				LastSwiftUpdateCheck = 1240;
				LastUpgradeCheck = 1240;
				TargetAttributes = {
					468A1B4926CB58B500C4410D = {
						CreatedOnToolsVersion = 12.4;
					};
				};
			};
			buildConfigurationList = 468A1B4526CB58B500C4410D /* Build configuration list for PBXProject "Assignment" */;
			compatibilityVersion = "Xcode 9.3";
			developmentRegion = en;
			hasScannedForEncodings = 0;
			knownRegions = (
				en,
				Base,
			);
			mainGroup = 468A1B4126CB58B500C4410D;
			productRefGroup = 468A1B4B26CB58B500C4410D /* Products */;
			projectDirPath = "";
			projectRoot = "";
			targets = (
				468A1B4926CB58B500C4410D /* Assignment */,
			);
		};
/* End PBXProject section */

/* Begin PBXResourcesBuildPhase section */
		468A1B4826CB58B500C4410D /* Resources */ = {
			isa = PBXResourcesBuildPhase;
			buildActionMask = 2147483647;
			files = (
				4642DB9926CCC4C0007115B2 /* NewsFeedNormalTableCell.xib in Resources */,
				468A1B5A26CB58B600C4410D /* LaunchScreen.storyboard in Resources */,
				468A1B5726CB58B600C4410D /* Assets.xcassets in Resources */,
				468A1BAD26CB8F7A00C4410D /* NewsFeedTableCell.xib in Resources */,
				468A1B5526CB58B500C4410D /* Main.storyboard in Resources */,
				468A1BA426CB81FB00C4410D /* NewsFeedViewModel.xib in Resources */,
			);
			runOnlyForDeploymentPostprocessing = 0;
		};
/* End PBXResourcesBuildPhase section */

/* Begin PBXShellScriptBuildPhase section */
		887D9667F5E6B90A02F7684A /* [CP] Check Pods Manifest.lock */ = {
			isa = PBXShellScriptBuildPhase;
			buildActionMask = 2147483647;
			files = (
			);
			inputFileListPaths = (
			);
			inputPaths = (
				"${PODS_PODFILE_DIR_PATH}/Podfile.lock",
				"${PODS_ROOT}/Manifest.lock",
			);
			name = "[CP] Check Pods Manifest.lock";
			outputFileListPaths = (
			);
			outputPaths = (
				"$(DERIVED_FILE_DIR)/Pods-Assignment-checkManifestLockResult.txt",
			);
			runOnlyForDeploymentPostprocessing = 0;
			shellPath = /bin/sh;
			shellScript = "diff \"${PODS_PODFILE_DIR_PATH}/Podfile.lock\" \"${PODS_ROOT}/Manifest.lock\" > /dev/null\nif [ $? != 0 ] ; then\n    # print error to STDERR\n    echo \"error: The sandbox is not in sync with the Podfile.lock. Run 'pod install' or update your CocoaPods installation.\" >&2\n    exit 1\nfi\n# This output is used by Xcode 'outputs' to avoid re-running this script phase.\necho \"SUCCESS\" > \"${SCRIPT_OUTPUT_FILE_0}\"\n";
			showEnvVarsInLog = 0;
		};
		CBC3BC080CCB7AA49AA2B597 /* [CP] Embed Pods Frameworks */ = {
			isa = PBXShellScriptBuildPhase;
			buildActionMask = 2147483647;
			files = (
			);
			inputFileListPaths = (
				"${PODS_ROOT}/Target Support Files/Pods-Assignment/Pods-Assignment-frameworks-${CONFIGURATION}-input-files.xcfilelist",
			);
			name = "[CP] Embed Pods Frameworks";
			outputFileListPaths = (
				"${PODS_ROOT}/Target Support Files/Pods-Assignment/Pods-Assignment-frameworks-${CONFIGURATION}-output-files.xcfilelist",
			);
			runOnlyForDeploymentPostprocessing = 0;
			shellPath = /bin/sh;
			shellScript = "\"${PODS_ROOT}/Target Support Files/Pods-Assignment/Pods-Assignment-frameworks.sh\"\n";
			showEnvVarsInLog = 0;
		};
/* End PBXShellScriptBuildPhase section */

/* Begin PBXSourcesBuildPhase section */
		468A1B4626CB58B500C4410D /* Sources */ = {
			isa = PBXSourcesBuildPhase;
			buildActionMask = 2147483647;
			files = (
				468A1B9426CB6F9600C4410D /* HttpStatusCode.swift in Sources */,
				468A1BB426CB97A400C4410D /* AppConstants.swift in Sources */,
				468A1B9726CB74F200C4410D /* Messages.swift in Sources */,
				468A1B6526CB5D3E00C4410D /* HttpUtility.swift in Sources */,
				468A1B5226CB58B500C4410D /* NewsListVC.swift in Sources */,
				468A1B8026CB651900C4410D /* NewsResponse.swift in Sources */,
				468A1B9F26CB77EE00C4410D /* AppUtils.swift in Sources */,
				468A1B4E26CB58B500C4410D /* AppDelegate.swift in Sources */,
				468A1B9C26CB77D600C4410D /* HRToast+UIView.swift in Sources */,
				4642DB9826CCC4C0007115B2 /* NewsFeedNormalTableCell.swift in Sources */,
				468A1BB126CB926D00C4410D /* UIViewExtension.swift in Sources */,
				468A1B5026CB58B500C4410D /* SceneDelegate.swift in Sources */,
				468A1B8E26CB6AD400C4410D /* WSConstants.swift in Sources */,
				468A1B6C26CB5F7500C4410D /* NetworkRequest.swift in Sources */,
				468A1BAC26CB8F7A00C4410D /* NewsFeedTableCell.swift in Sources */,
				468A1B8926CB698300C4410D /* NewsFeed.swift in Sources */,
				468A1B6926CB5DDA00C4410D /* NetworkError.swift in Sources */,
				46F3B6F226CBC62C003109CC /* StringExtension.swift in Sources */,
				4642DB9426CCBD64007115B2 /* DateUtils.swift in Sources */,
				468A1BA726CB825200C4410D /* NewsFeedViewModel.swift in Sources */,
				468A1B6F26CB5FB100C4410D /* HttpMethods.swift in Sources */,
			);
			runOnlyForDeploymentPostprocessing = 0;
		};
/* End PBXSourcesBuildPhase section */

/* Begin PBXVariantGroup section */
		468A1B5326CB58B500C4410D /* Main.storyboard */ = {
			isa = PBXVariantGroup;
			children = (
				468A1B5426CB58B500C4410D /* Base */,
			);
			name = Main.storyboard;
			sourceTree = "<group>";
		};
		468A1B5826CB58B600C4410D /* LaunchScreen.storyboard */ = {
			isa = PBXVariantGroup;
			children = (
				468A1B5926CB58B600C4410D /* Base */,
			);
			name = LaunchScreen.storyboard;
			sourceTree = "<group>";
		};
/* End PBXVariantGroup section */

/* Begin XCBuildConfiguration section */
		468A1B5C26CB58B600C4410D /* Debug */ = {
			isa = XCBuildConfiguration;
			buildSettings = {
				ALWAYS_SEARCH_USER_PATHS = NO;
				CLANG_ANALYZER_NONNULL = YES;
				CLANG_ANALYZER_NUMBER_OBJECT_CONVERSION = YES_AGGRESSIVE;
				CLANG_CXX_LANGUAGE_STANDARD = "gnu++14";
				CLANG_CXX_LIBRARY = "libc++";
				CLANG_ENABLE_MODULES = YES;
				CLANG_ENABLE_OBJC_ARC = YES;
				CLANG_ENABLE_OBJC_WEAK = YES;
				CLANG_WARN_BLOCK_CAPTURE_AUTORELEASING = YES;
				CLANG_WARN_BOOL_CONVERSION = YES;
				CLANG_WARN_COMMA = YES;
				CLANG_WARN_CONSTANT_CONVERSION = YES;
				CLANG_WARN_DEPRECATED_OBJC_IMPLEMENTATIONS = YES;
				CLANG_WARN_DIRECT_OBJC_ISA_USAGE = YES_ERROR;
				CLANG_WARN_DOCUMENTATION_COMMENTS = YES;
				CLANG_WARN_EMPTY_BODY = YES;
				CLANG_WARN_ENUM_CONVERSION = YES;
				CLANG_WARN_INFINITE_RECURSION = YES;
				CLANG_WARN_INT_CONVERSION = YES;
				CLANG_WARN_NON_LITERAL_NULL_CONVERSION = YES;
				CLANG_WARN_OBJC_IMPLICIT_RETAIN_SELF = YES;
				CLANG_WARN_OBJC_LITERAL_CONVERSION = YES;
				CLANG_WARN_OBJC_ROOT_CLASS = YES_ERROR;
				CLANG_WARN_QUOTED_INCLUDE_IN_FRAMEWORK_HEADER = YES;
				CLANG_WARN_RANGE_LOOP_ANALYSIS = YES;
				CLANG_WARN_STRICT_PROTOTYPES = YES;
				CLANG_WARN_SUSPICIOUS_MOVE = YES;
				CLANG_WARN_UNGUARDED_AVAILABILITY = YES_AGGRESSIVE;
				CLANG_WARN_UNREACHABLE_CODE = YES;
				CLANG_WARN__DUPLICATE_METHOD_MATCH = YES;
				COPY_PHASE_STRIP = NO;
				DEBUG_INFORMATION_FORMAT = dwarf;
				ENABLE_STRICT_OBJC_MSGSEND = YES;
				ENABLE_TESTABILITY = YES;
				GCC_C_LANGUAGE_STANDARD = gnu11;
				GCC_DYNAMIC_NO_PIC = NO;
				GCC_NO_COMMON_BLOCKS = YES;
				GCC_OPTIMIZATION_LEVEL = 0;
				GCC_PREPROCESSOR_DEFINITIONS = (
					"DEBUG=1",
					"$(inherited)",
				);
				GCC_WARN_64_TO_32_BIT_CONVERSION = YES;
				GCC_WARN_ABOUT_RETURN_TYPE = YES_ERROR;
				GCC_WARN_UNDECLARED_SELECTOR = YES;
				GCC_WARN_UNINITIALIZED_AUTOS = YES_AGGRESSIVE;
				GCC_WARN_UNUSED_FUNCTION = YES;
				GCC_WARN_UNUSED_VARIABLE = YES;
				IPHONEOS_DEPLOYMENT_TARGET = 14.4;
				MTL_ENABLE_DEBUG_INFO = INCLUDE_SOURCE;
				MTL_FAST_MATH = YES;
				ONLY_ACTIVE_ARCH = YES;
				SDKROOT = iphoneos;
				SWIFT_ACTIVE_COMPILATION_CONDITIONS = DEBUG;
				SWIFT_OPTIMIZATION_LEVEL = "-Onone";
			};
			name = Debug;
		};
		468A1B5D26CB58B600C4410D /* Release */ = {
			isa = XCBuildConfiguration;
			buildSettings = {
				ALWAYS_SEARCH_USER_PATHS = NO;
				CLANG_ANALYZER_NONNULL = YES;
				CLANG_ANALYZER_NUMBER_OBJECT_CONVERSION = YES_AGGRESSIVE;
				CLANG_CXX_LANGUAGE_STANDARD = "gnu++14";
				CLANG_CXX_LIBRARY = "libc++";
				CLANG_ENABLE_MODULES = YES;
				CLANG_ENABLE_OBJC_ARC = YES;
				CLANG_ENABLE_OBJC_WEAK = YES;
				CLANG_WARN_BLOCK_CAPTURE_AUTORELEASING = YES;
				CLANG_WARN_BOOL_CONVERSION = YES;
				CLANG_WARN_COMMA = YES;
				CLANG_WARN_CONSTANT_CONVERSION = YES;
				CLANG_WARN_DEPRECATED_OBJC_IMPLEMENTATIONS = YES;
				CLANG_WARN_DIRECT_OBJC_ISA_USAGE = YES_ERROR;
				CLANG_WARN_DOCUMENTATION_COMMENTS = YES;
				CLANG_WARN_EMPTY_BODY = YES;
				CLANG_WARN_ENUM_CONVERSION = YES;
				CLANG_WARN_INFINITE_RECURSION = YES;
				CLANG_WARN_INT_CONVERSION = YES;
				CLANG_WARN_NON_LITERAL_NULL_CONVERSION = YES;
				CLANG_WARN_OBJC_IMPLICIT_RETAIN_SELF = YES;
				CLANG_WARN_OBJC_LITERAL_CONVERSION = YES;
				CLANG_WARN_OBJC_ROOT_CLASS = YES_ERROR;
				CLANG_WARN_QUOTED_INCLUDE_IN_FRAMEWORK_HEADER = YES;
				CLANG_WARN_RANGE_LOOP_ANALYSIS = YES;
				CLANG_WARN_STRICT_PROTOTYPES = YES;
				CLANG_WARN_SUSPICIOUS_MOVE = YES;
				CLANG_WARN_UNGUARDED_AVAILABILITY = YES_AGGRESSIVE;
				CLANG_WARN_UNREACHABLE_CODE = YES;
				CLANG_WARN__DUPLICATE_METHOD_MATCH = YES;
				COPY_PHASE_STRIP = NO;
				DEBUG_INFORMATION_FORMAT = "dwarf-with-dsym";
				ENABLE_NS_ASSERTIONS = NO;
				ENABLE_STRICT_OBJC_MSGSEND = YES;
				GCC_C_LANGUAGE_STANDARD = gnu11;
				GCC_NO_COMMON_BLOCKS = YES;
				GCC_WARN_64_TO_32_BIT_CONVERSION = YES;
				GCC_WARN_ABOUT_RETURN_TYPE = YES_ERROR;
				GCC_WARN_UNDECLARED_SELECTOR = YES;
				GCC_WARN_UNINITIALIZED_AUTOS = YES_AGGRESSIVE;
				GCC_WARN_UNUSED_FUNCTION = YES;
				GCC_WARN_UNUSED_VARIABLE = YES;
				IPHONEOS_DEPLOYMENT_TARGET = 14.4;
				MTL_ENABLE_DEBUG_INFO = NO;
				MTL_FAST_MATH = YES;
				SDKROOT = iphoneos;
				SWIFT_COMPILATION_MODE = wholemodule;
				SWIFT_OPTIMIZATION_LEVEL = "-O";
				VALIDATE_PRODUCT = YES;
			};
			name = Release;
		};
		468A1B5F26CB58B600C4410D /* Debug */ = {
			isa = XCBuildConfiguration;
			baseConfigurationReference = 1B23F82ED0291F5922680F53 /* Pods-Assignment.debug.xcconfig */;
			buildSettings = {
				ASSETCATALOG_COMPILER_APPICON_NAME = AppIcon;
				ASSETCATALOG_COMPILER_GLOBAL_ACCENT_COLOR_NAME = AccentColor;
				CODE_SIGN_STYLE = Automatic;
				CURRENT_PROJECT_VERSION = 1.0;
				DEVELOPMENT_TEAM = DV8A8LVMHY;
				INFOPLIST_FILE = assignment/AppCore/SupportingFiles/Info.plist;
				IPHONEOS_DEPLOYMENT_TARGET = 13.0;
				LD_RUNPATH_SEARCH_PATHS = (
					"$(inherited)",
					"@executable_path/Frameworks",
				);
				MARKETING_VERSION = 1.0.00;
				PRODUCT_BUNDLE_IDENTIFIER = com.GFG.assignment;
				PRODUCT_NAME = "$(TARGET_NAME)";
				SWIFT_VERSION = 5.0;
				TARGETED_DEVICE_FAMILY = "1,2";
			};
			name = Debug;
		};
		468A1B6026CB58B600C4410D /* Release */ = {
			isa = XCBuildConfiguration;
			baseConfigurationReference = 43B6881AB5D6DA3A1C4E3911 /* Pods-Assignment.release.xcconfig */;
			buildSettings = {
				ASSETCATALOG_COMPILER_APPICON_NAME = AppIcon;
				ASSETCATALOG_COMPILER_GLOBAL_ACCENT_COLOR_NAME = AccentColor;
				CODE_SIGN_STYLE = Automatic;
				CURRENT_PROJECT_VERSION = 1.0;
				DEVELOPMENT_TEAM = DV8A8LVMHY;
				INFOPLIST_FILE = assignment/AppCore/SupportingFiles/Info.plist;
				IPHONEOS_DEPLOYMENT_TARGET = 13.0;
				LD_RUNPATH_SEARCH_PATHS = (
					"$(inherited)",
					"@executable_path/Frameworks",
				);
				MARKETING_VERSION = 1.0.00;
				PRODUCT_BUNDLE_IDENTIFIER = com.GFG.assignment;
				PRODUCT_NAME = "$(TARGET_NAME)";
				SWIFT_VERSION = 5.0;
				TARGETED_DEVICE_FAMILY = "1,2";
			};
			name = Release;
		};
/* End XCBuildConfiguration section */

/* Begin XCConfigurationList section */
		468A1B4526CB58B500C4410D /* Build configuration list for PBXProject "Assignment" */ = {
			isa = XCConfigurationList;
			buildConfigurations = (
				468A1B5C26CB58B600C4410D /* Debug */,
				468A1B5D26CB58B600C4410D /* Release */,
			);
			defaultConfigurationIsVisible = 0;
			defaultConfigurationName = Release;
		};
		468A1B5E26CB58B600C4410D /* Build configuration list for PBXNativeTarget "Assignment" */ = {
			isa = XCConfigurationList;
			buildConfigurations = (
				468A1B5F26CB58B600C4410D /* Debug */,
				468A1B6026CB58B600C4410D /* Release */,
			);
			defaultConfigurationIsVisible = 0;
			defaultConfigurationName = Release;
		};
/* End XCConfigurationList section */
	};
	rootObject = 468A1B4226CB58B500C4410D /* Project object */;
}
